# This file was autogenerated by Stack.
# You should not edit this file by hand.
# For more information, please see the documentation at:
#   https://docs.haskellstack.org/en/stable/lock_files

packages:
- completed:
    name: fortran-src
    version: 0.9.0
    git: https://github.com/camfort/fortran-src
    pantry-tree:
      size: 9668
      sha256: 4bd905e297e0e8ac4ef6651f132fd7447a9ea1e3939b88459b5d7dcb1dcf12a5
    commit: d907e78e92377b19329769e8363ebe2980eea2c9
  original:
    git: https://github.com/camfort/fortran-src
    commit: d907e78e92377b19329769e8363ebe2980eea2c9
snapshots:
- completed:
    size: 539378
    url: https://raw.githubusercontent.com/commercialhaskell/stackage-snapshots/master/nightly/2022/3/30.yaml
    sha256: 745431a4c5b78cc93d81e99b2253a1e0eacd4f94e00cf17dab7cc14e665332e3
  original: nightly-2022-03-30
