# This file was autogenerated by Stack.
# You should not edit this file by hand.
# For more information, please see the documentation at:
#   https://docs.haskellstack.org/en/stable/lock_files

packages:
- completed:
    name: fortran-src
    version: 0.9.0
    git: https://github.com/camfort/fortran-src
    pantry-tree:
      size: 9670
      sha256: 7b0b031447c07fea65b06e369d037cf89928b36802c6a4b013b41969af5cba08
    commit: 348459ae198b1c487fbe858e1d7f1434f4502424
  original:
    git: https://github.com/camfort/fortran-src
    commit: 348459ae198b1c487fbe858e1d7f1434f4502424
snapshots:
- completed:
    size: 539378
    url: https://raw.githubusercontent.com/commercialhaskell/stackage-snapshots/master/nightly/2022/3/30.yaml
    sha256: 745431a4c5b78cc93d81e99b2253a1e0eacd4f94e00cf17dab7cc14e665332e3
  original: nightly-2022-03-30
